
Microsoft Visual Studio Solution File, Format Version 12.00
# Visual Studio Version 16
VisualStudioVersion = 16.0.30114.105
MinimumVisualStudioVersion = 10.0.40219.1
Project("{2150E333-8FDC-42A3-9474-1A3956D46DE8}") = "src", "src", "{5BE12F90-2B5A-446F-A145-4598C876B252}"
EndProject
Project("{FAE04EC0-301F-11D3-BF4B-00C04F79EFBC}") = "CSharpTest.Net.Collections", "src\CSharpTest.Net.Collections\CSharpTest.Net.Collections.csproj", "{2594F622-1DEE-4572-B789-D160AE3CF30C}"
EndProject
Project("{2150E333-8FDC-42A3-9474-1A3956D46DE8}") = "tests", "tests", "{3FA6DC9B-789A-49F3-A7D6-650207A61F9C}"
EndProject
Project("{FAE04EC0-301F-11D3-BF4B-00C04F79EFBC}") = "CSharpTest.Net.BPlusTree.Test", "tests\CSharpTest.Net.BPlusTreeTest\CSharpTest.Net.BPlusTree.Test.csproj", "{AB24511F-C758-48A9-A9D9-A90921253B6B}"
EndProject
Project("{FAE04EC0-301F-11D3-BF4B-00C04F79EFBC}") = "CSharpTest.Net.Collections.Test", "tests\CSharpTest.Net.CollectionsTest\CSharpTest.Net.Collections.Test.csproj", "{537959A8-B726-4696-BA26-7CCD72AA9708}"
EndProject
Global
	GlobalSection(SolutionConfigurationPlatforms) = preSolution
		Debug|Any CPU = Debug|Any CPU
		Release|Any CPU = Release|Any CPU
	EndGlobalSection
	GlobalSection(SolutionProperties) = preSolution
		HideSolutionNode = FALSE
	EndGlobalSection
	GlobalSection(ProjectConfigurationPlatforms) = postSolution
		{2594F622-1DEE-4572-B789-D160AE3CF30C}.Debug|Any CPU.ActiveCfg = Debug|Any CPU
		{2594F622-1DEE-4572-B789-D160AE3CF30C}.Debug|Any CPU.Build.0 = Debug|Any CPU
		{2594F622-1DEE-4572-B789-D160AE3CF30C}.Release|Any CPU.ActiveCfg = Release|Any CPU
		{2594F622-1DEE-4572-B789-D160AE3CF30C}.Release|Any CPU.Build.0 = Release|Any CPU
		{AB24511F-C758-48A9-A9D9-A90921253B6B}.Debug|Any CPU.ActiveCfg = Debug|Any CPU
		{AB24511F-C758-48A9-A9D9-A90921253B6B}.Debug|Any CPU.Build.0 = Debug|Any CPU
		{AB24511F-C758-48A9-A9D9-A90921253B6B}.Release|Any CPU.ActiveCfg = Release|Any CPU
		{AB24511F-C758-48A9-A9D9-A90921253B6B}.Release|Any CPU.Build.0 = Release|Any CPU
		{537959A8-B726-4696-BA26-7CCD72AA9708}.Debug|Any CPU.ActiveCfg = Debug|Any CPU
		{537959A8-B726-4696-BA26-7CCD72AA9708}.Debug|Any CPU.Build.0 = Debug|Any CPU
		{537959A8-B726-4696-BA26-7CCD72AA9708}.Release|Any CPU.ActiveCfg = Release|Any CPU
		{537959A8-B726-4696-BA26-7CCD72AA9708}.Release|Any CPU.Build.0 = Release|Any CPU
	EndGlobalSection
	GlobalSection(NestedProjects) = preSolution
		{2594F622-1DEE-4572-B789-D160AE3CF30C} = {5BE12F90-2B5A-446F-A145-4598C876B252}
		{AB24511F-C758-48A9-A9D9-A90921253B6B} = {3FA6DC9B-789A-49F3-A7D6-650207A61F9C}
		{537959A8-B726-4696-BA26-7CCD72AA9708} = {3FA6DC9B-789A-49F3-A7D6-650207A61F9C}
	EndGlobalSection
EndGlobal
